
Microsoft Visual Studio Solution File, Format Version 12.00
# Visual Studio Version 17
VisualStudioVersion = 17.3.32819.101
MinimumVisualStudioVersion = 10.0.40219.1
Project("{9A19103F-16F7-4668-BE54-9A1E7A4F7556}") = "auction_app", "auction_app\auction_app.csproj", "{033A3EF2-B136-4403-8A40-2875F10B1E0B}"
EndProject
Global
	GlobalSection(SolutionConfigurationPlatforms) = preSolution
		Debug|Any CPU = Debug|Any CPU
		Release|Any CPU = Release|Any CPU
	EndGlobalSection
	GlobalSection(ProjectConfigurationPlatforms) = postSolution
		{033A3EF2-B136-4403-8A40-2875F10B1E0B}.Debug|Any CPU.ActiveCfg = Debug|Any CPU
		{033A3EF2-B136-4403-8A40-2875F10B1E0B}.Debug|Any CPU.Build.0 = Debug|Any CPU
		{033A3EF2-B136-4403-8A40-2875F10B1E0B}.Release|Any CPU.ActiveCfg = Release|Any CPU
		{033A3EF2-B136-4403-8A40-2875F10B1E0B}.Release|Any CPU.Build.0 = Release|Any CPU
	EndGlobalSection
	GlobalSection(SolutionProperties) = preSolution
		HideSolutionNode = FALSE
	EndGlobalSection
	GlobalSection(ExtensibilityGlobals) = postSolution
		SolutionGuid = {87C7EE56-D911-48E7-8A8C-4C1B51DD26A0}
	EndGlobalSection
EndGlobal
